{
  "version": 1,
  "dependencies": {
    "net9.0": {
      "CSharpier.MsBuild": {
        "type": "Direct",
        "requested": "[1.0.2, )",
        "resolved": "1.0.2",
        "contentHash": "Y98ba4yeefqrJY+MbCXhvb8x4/mCy8zHeuu/dYKwaM4p0Yu2LToI5ffTg/ErcpPuLnwJBNE229STdhf/dlikIw=="
      },
      "Grpc.Net.Client": {
        "type": "Direct",
        "requested": "[2.71.0, )",
        "resolved": "2.71.0",
        "contentHash": "U1vr20r5ngoT9nlb7wejF28EKN+taMhJsV9XtK9MkiepTZwnKxxiarriiMfCHuDAfPUm9XUjFMn/RIuJ4YY61w==",
        "dependencies": {
          "Grpc.Net.Common": "2.71.0",
          "Microsoft.Extensions.Logging.Abstractions": "6.0.0"
        }
      },
      "protobuf-net.Grpc.Reflection": {
        "type": "Direct",
        "requested": "[1.2.2, )",
        "resolved": "1.2.2",
        "contentHash": "rI6npMBrGHCbeWL8OZdW71+7h+27A950Omz2HwBicWYFlSs9WtNjPVDgmC/LPRrxfP8wZQEfu2z6C+0cZBEqmw==",
        "dependencies": {
          "protobuf-net": "3.2.30",
          "protobuf-net.Core": "3.2.30",
          "protobuf-net.Grpc": "1.2.2",
          "protobuf-net.Reflection": "3.2.12"
        }
      },
      "protobuf-net.Reflection": {
        "type": "Direct",
        "requested": "[3.2.52, )",
        "resolved": "3.2.52",
        "contentHash": "nlpEtpGP37Jz2ORt17hshpM/WvLxsOQ7LwWqlNbFYHvAwE53VOfoJtAWaD/Go8pNglsUGcKup6ETJ6E9a9gYgg==",
        "dependencies": {
          "protobuf-net.Core": "3.2.52"
        }
      },
      "System.Management.Automation": {
        "type": "Direct",
        "requested": "[7.5.1, )",
        "resolved": "7.5.1",
        "contentHash": "RZixtBufFUEtt2s2/BXovg16cxjtp4D/oa3fG4LfCWyrhebyGSB8892nAJdnkvWRCs0/qPAynwa+9nowBt544Q==",
        "dependencies": {
          "Microsoft.ApplicationInsights": "2.22.0",
          "Microsoft.Management.Infrastructure": "3.0.0",
          "Microsoft.PowerShell.CoreCLR.Eventing": "7.5.1",
          "Microsoft.PowerShell.Native": "7.4.0",
          "Microsoft.Security.Extensions": "1.4.0",
          "Microsoft.Win32.Registry.AccessControl": "9.0.4",
          "Newtonsoft.Json": "13.0.3",
          "System.CodeDom": "9.0.4",
          "System.Configuration.ConfigurationManager": "9.0.4",
          "System.Diagnostics.EventLog": "9.0.4",
          "System.DirectoryServices": "9.0.4",
          "System.Management": "9.0.4",
          "System.Security.Cryptography.Pkcs": "9.0.4",
          "System.Security.Cryptography.ProtectedData": "9.0.4",
          "System.Security.Permissions": "9.0.4",
          "System.Windows.Extensions": "9.0.4"
        }
      },
      "Grpc.Core.Api": {
        "type": "Transitive",
        "resolved": "2.71.0",
        "contentHash": "QquqUC37yxsDzd1QaDRsH2+uuznWPTS8CVE2Yzwl3CvU4geTNkolQXoVN812M2IwT6zpv3jsZRc9ExJFNFslTg=="
      },
      "Grpc.Net.Common": {
        "type": "Transitive",
        "resolved": "2.71.0",
        "contentHash": "v0c8R97TwRYwNXlC8GyRXwYTCNufpDfUtj9la+wUrZFzVWkFJuNAltU+c0yI3zu0jl54k7en6u2WKgZgd57r2Q==",
        "dependencies": {
          "Grpc.Core.Api": "2.71.0"
        }
      },
      "Microsoft.ApplicationInsights": {
        "type": "Transitive",
        "resolved": "2.22.0",
        "contentHash": "3AOM9bZtku7RQwHyMEY3tQMrHIgjcfRDa6YQpd/QG2LDGvMydSlL9Di+8LLMt7J2RDdfJ7/2jdYv6yHcMJAnNw=="
      },
      "Microsoft.Extensions.Logging.Abstractions": {
        "type": "Transitive",
        "resolved": "6.0.0",
        "contentHash": "/HggWBbTwy8TgebGSX5DBZ24ndhzi93sHUBDvP1IxbZD7FDokYzdAr6+vbWGjw2XAfR2EJ1sfKUotpjHnFWPxA=="
      },
      "Microsoft.Management.Infrastructure": {
        "type": "Transitive",
        "resolved": "3.0.0",
        "contentHash": "cGZi0q5IujCTVYKo9h22Pw+UwfZDV82HXO8HTxMG2HqntPlT3Ls8jY6punLp4YzCypJNpfCAu2kae3TIyuAiJw==",
        "dependencies": {
          "Microsoft.Management.Infrastructure.Runtime.Unix": "3.0.0",
          "Microsoft.Management.Infrastructure.Runtime.Win": "3.0.0"
        }
      },
      "Microsoft.Management.Infrastructure.Runtime.Unix": {
        "type": "Transitive",
        "resolved": "3.0.0",
        "contentHash": "QZE3uEDvZ0m7LabQvcmNOYHp7v1QPBVMpB/ild0WEE8zqUVAP5y9rRI5we37ImI1bQmW5pZ+3HNC70POPm0jBQ=="
      },
      "Microsoft.Management.Infrastructure.Runtime.Win": {
        "type": "Transitive",
        "resolved": "3.0.0",
        "contentHash": "uwMyWN33+iQ8Wm/n1yoPXgFoiYNd0HzJyoqSVhaQZyJfaQrJR3udgcIHjqa1qbc3lS6kvfuUMN4TrF4U4refCQ=="
      },
      "Microsoft.PowerShell.CoreCLR.Eventing": {
        "type": "Transitive",
        "resolved": "7.5.1",
        "contentHash": "qB+o/cHg40UaQeMuMicibWrLYvISOIcCBPVG5LJUaGq97EEMTosTvWxUzSOrv2qCnbnHZQEOFkx5ISnc3P4ufg==",
        "dependencies": {
          "System.Diagnostics.EventLog": "9.0.4"
        }
      },
      "Microsoft.PowerShell.Native": {
        "type": "Transitive",
        "resolved": "7.4.0",
        "contentHash": "FlaJ3JBWhqFToYT0ycMb/Xxzoof7oTQbNyI4UikgubC7AMWt5ptBNKjIAMPvOcvEHr+ohaO9GvRWp3tiyS3sKw=="
      },
      "Microsoft.Security.Extensions": {
        "type": "Transitive",
        "resolved": "1.4.0",
        "contentHash": "MnHXttc0jHbRrGdTJ+yJBbGDoa4OXhtnKXHQw70foMyAooFtPScZX/dN+Nib47nuglc9Gt29Gfb5Zl+1lAuTeA=="
      },
      "Microsoft.Win32.Registry.AccessControl": {
        "type": "Transitive",
        "resolved": "9.0.4",
        "contentHash": "ffgPu/Uts9O5lXBbzu6pOm5sxEuBMxq8dVpRPdj81327Ne0EDx4ZqpssWxaMzdYVGhG2pm4wzMhlsAB+Vv5M0Q=="
      },
      "Newtonsoft.Json": {
        "type": "Transitive",
        "resolved": "13.0.3",
        "contentHash": "HrC5BXdl00IP9zeV+0Z848QWPAoCr9P3bDEZguI+gkLcBKAOxix/tLEAAHC+UvDNPv4a2d18lOReHMOagPa+zQ=="
      },
      "protobuf-net": {
        "type": "Transitive",
        "resolved": "3.2.30",
        "contentHash": "C/UTlmxEJHAHpqm8xQK1UyJKaIynVCSNG4mVrbLgnZ7ccH28nN49O8iMJvKEodTgVbnimvy+3mIiAdW6mATwnw==",
        "dependencies": {
          "protobuf-net.Core": "3.2.30"
        }
      },
      "protobuf-net.Core": {
        "type": "Transitive",
        "resolved": "3.2.52",
        "contentHash": "zOpGtUo2QTgbsiI0D0yCe8aUTgDPov6kqIu1CDHI6isqhYcAHdirRrdnfsQXmAUfAWx1LwVYGgC6xe6fNS4UAg=="
      },
      "protobuf-net.Grpc": {
        "type": "Transitive",
        "resolved": "1.2.2",
        "contentHash": "ywpDWMKewrojQQyAKicELuTuaH+heEQfcuB+aJdENN9OfNOIuWLnwLdnHOzJ1162hD/1trzYDFMV5g8vmTxJTQ==",
        "dependencies": {
          "Grpc.Core.Api": "2.66.0",
          "protobuf-net": "2.4.8"
        }
      },
      "System.CodeDom": {
        "type": "Transitive",
        "resolved": "9.0.4",
        "contentHash": "aJdv7Z87PoPW8ijvGIincocooYRbH3Umtlz7OrJKf6GDInbdu1bvk5X1fFlmbl7WP+9ntoIBd7NjKz+siVFdHA=="
      },
      "System.Configuration.ConfigurationManager": {
        "type": "Transitive",
        "resolved": "9.0.4",
        "contentHash": "dvjqKp+2LpGid6phzrdrS/2mmEPxFl3jE1+L7614q4ZChKbLJCpHXg6sBILlCCED1t//EE+un/UdAetzIMpqnw==",
        "dependencies": {
          "System.Diagnostics.EventLog": "9.0.4",
          "System.Security.Cryptography.ProtectedData": "9.0.4"
        }
      },
      "System.Diagnostics.EventLog": {
        "type": "Transitive",
        "resolved": "9.0.4",
        "contentHash": "getRQEXD8idlpb1KW56XuxImMy0FKp2WJPDf3Qr0kI/QKxxJSftqfDFVo0DZ3HCJRLU73qHSruv5q2l5O47jQQ=="
      },
      "System.DirectoryServices": {
        "type": "Transitive",
        "resolved": "9.0.4",
        "contentHash": "qYUtcmdjVXnr8i7I8CrTovmFWLiaKexmsONERt3+SUiAwjAiPmjFe5n56Jh2J44LP1mCIAQOEmpDNQ0e0DWBwQ=="
      },
      "System.Management": {
        "type": "Transitive",
        "resolved": "9.0.4",
        "contentHash": "MfY9+SrkSvchAoFiChTkhQYCAjBaQQ9u3LwiKmho7oTbujucnxCzORlPgLhId/ChLSptsQ/1UmtPGLZaKYVdsA==",
        "dependencies": {
          "System.CodeDom": "9.0.4"
        }
      },
      "System.Security.Cryptography.Pkcs": {
        "type": "Transitive",
        "resolved": "9.0.4",
        "contentHash": "cUFTcMlz/Qw9s90b2wnWSCvHdjv51Bau9FQqhsr4TlwSe1OX+7SoXUqphis5G74MLOvMOCghxPPlEqOdCrVVGA=="
      },
      "System.Security.Cryptography.ProtectedData": {
        "type": "Transitive",
        "resolved": "9.0.4",
        "contentHash": "o94k2RKuAce3GeDMlUvIXlhVa1kWpJw95E6C9LwW0KlG0nj5+SgCiIxJ2Eroqb9sLtG1mEMbFttZIBZ13EJPvQ=="
      },
      "System.Security.Permissions": {
        "type": "Transitive",
        "resolved": "9.0.4",
        "contentHash": "klHa+d7n6Nc7IjaJygnbqgTMoYOQCaCP/G38T0vjIDuls9uatPsyofrTc3OQBdcKk/rjGDSIzIFUX/OF4yxVlQ==",
        "dependencies": {
          "System.Windows.Extensions": "9.0.4"
        }
      },
      "System.Windows.Extensions": {
        "type": "Transitive",
        "resolved": "9.0.4",
        "contentHash": "LBfgiBxCpJWch0PI7h55FyzlCdSXxBZM2/B/H+v1SBkhux/Da8L3fIP+r7WFwNuTfKiClNfB0Ne3BL12xiCEGw=="
      }
    }
  }
}